{
  "name": "lambda-send-attachment",
  "version": "1.0.0",
  "lockfileVersion": 1,
  "requires": true,
  "dependencies": {
    "nodemailer": {
      "version": "4.6.3",
      "resolved": "https://registry.npmjs.org/nodemailer/-/nodemailer-4.6.3.tgz",
      "integrity": "sha512-1AmOpDZJtyPAO+gfUBfT+MWHbYwQ+DZvb1gvYaTxBZV/lUeysZIt4kDq8Dlwt6ViUZGp3cMGR+D1MNQYyYiVUg=="
    }
  }
}
